
Microsoft Visual Studio Solution File, Format Version 12.00
# Visual Studio Version 17
VisualStudioVersion = 17.6.33801.468
MinimumVisualStudioVersion = 10.0.40219.1
Project("{9A19103F-16F7-4668-BE54-9A1E7A4F7556}") = "PruebaDefontana.Presentacion", "PruebaDefontana\PruebaDefontana.Presentacion.csproj", "{82BDB677-B22B-4A9B-8522-2B732314CF97}"
EndProject
Project("{9A19103F-16F7-4668-BE54-9A1E7A4F7556}") = "PruebaDefontana.Data", "PruebaDefontana.Data\PruebaDefontana.Data.csproj", "{45D880E5-93A0-4CA9-9271-35BB7DC65210}"
EndProject
Project("{9A19103F-16F7-4668-BE54-9A1E7A4F7556}") = "PruebaDefontana.Business", "PruebaDefontana.Business\PruebaDefontana.Business.csproj", "{510CC3D1-2F5E-4685-AAE0-005E83F0ECE5}"
EndProject
Global
	GlobalSection(SolutionConfigurationPlatforms) = preSolution
		Debug|Any CPU = Debug|Any CPU
		Release|Any CPU = Release|Any CPU
	EndGlobalSection
	GlobalSection(ProjectConfigurationPlatforms) = postSolution
		{82BDB677-B22B-4A9B-8522-2B732314CF97}.Debug|Any CPU.ActiveCfg = Debug|Any CPU
		{82BDB677-B22B-4A9B-8522-2B732314CF97}.Debug|Any CPU.Build.0 = Debug|Any CPU
		{82BDB677-B22B-4A9B-8522-2B732314CF97}.Release|Any CPU.ActiveCfg = Release|Any CPU
		{82BDB677-B22B-4A9B-8522-2B732314CF97}.Release|Any CPU.Build.0 = Release|Any CPU
		{45D880E5-93A0-4CA9-9271-35BB7DC65210}.Debug|Any CPU.ActiveCfg = Debug|Any CPU
		{45D880E5-93A0-4CA9-9271-35BB7DC65210}.Debug|Any CPU.Build.0 = Debug|Any CPU
		{45D880E5-93A0-4CA9-9271-35BB7DC65210}.Release|Any CPU.ActiveCfg = Release|Any CPU
		{45D880E5-93A0-4CA9-9271-35BB7DC65210}.Release|Any CPU.Build.0 = Release|Any CPU
		{510CC3D1-2F5E-4685-AAE0-005E83F0ECE5}.Debug|Any CPU.ActiveCfg = Debug|Any CPU
		{510CC3D1-2F5E-4685-AAE0-005E83F0ECE5}.Debug|Any CPU.Build.0 = Debug|Any CPU
		{510CC3D1-2F5E-4685-AAE0-005E83F0ECE5}.Release|Any CPU.ActiveCfg = Release|Any CPU
		{510CC3D1-2F5E-4685-AAE0-005E83F0ECE5}.Release|Any CPU.Build.0 = Release|Any CPU
	EndGlobalSection
	GlobalSection(SolutionProperties) = preSolution
		HideSolutionNode = FALSE
	EndGlobalSection
	GlobalSection(ExtensibilityGlobals) = postSolution
		SolutionGuid = {4A47E1CE-9388-40EE-B2A8-A212FA0FBEEB}
	EndGlobalSection
EndGlobal
